
Microsoft Visual Studio Solution File, Format Version 11.00
# Visual Basic Express 2010
Project("{F184B08F-C81C-45F6-A57F-5ABD9991F28F}") = "Win8To7 Transformation Pack", "Win8To7 Transformation Pack\Win8To7 Transformation Pack.vbproj", "{E2DA9683-C5F7-404C-9360-E97F9BDE8ECF}"
EndProject
Global
	GlobalSection(SolutionConfigurationPlatforms) = preSolution
		Debug|x86 = Debug|x86
		Release|x86 = Release|x86
	EndGlobalSection
	GlobalSection(ProjectConfigurationPlatforms) = postSolution
		{E2DA9683-C5F7-404C-9360-E97F9BDE8ECF}.Debug|x86.ActiveCfg = Debug|x86
		{E2DA9683-C5F7-404C-9360-E97F9BDE8ECF}.Debug|x86.Build.0 = Debug|x86
		{E2DA9683-C5F7-404C-9360-E97F9BDE8ECF}.Release|x86.ActiveCfg = Release|x86
		{E2DA9683-C5F7-404C-9360-E97F9BDE8ECF}.Release|x86.Build.0 = Release|x86
	EndGlobalSection
	GlobalSection(SolutionProperties) = preSolution
		HideSolutionNode = FALSE
	EndGlobalSection
EndGlobal
